<?xml version="1.0" encoding="utf-8"?>
<Project ToolsVersion="4.0" xmlns="http://schemas.microsoft.com/developer/msbuild/2003">
  <ItemGroup>
    <Filter Include="ソース ファイル">
      <UniqueIdentifier>{4FC737F1-C7A5-4376-A066-2A32D752A2FF}</UniqueIdentifier>
      <Extensions>cpp;c;cc;cxx;c++;cppm;ixx;def;odl;idl;hpj;bat;asm;asmx</Extensions>
    </Filter>
    <Filter Include="ヘッダー ファイル">
      <UniqueIdentifier>{93995380-89BD-4b04-88EB-625FBE52EBFB}</UniqueIdentifier>
      <Extensions>h;hh;hpp;hxx;h++;hm;inl;inc;ipp;xsd</Extensions>
    </Filter>
    <Filter Include="リソース ファイル">
      <UniqueIdentifier>{67DA6AB6-F800-4c08-8B7A-83BB121AAD01}</UniqueIdentifier>
      <Extensions>rc;ico;cur;bmp;dlg;rc2;rct;bin;rgs;gif;jpg;jpeg;jpe;resx;tiff;tif;png;wav;mfcribbon-ms</Extensions>
    </Filter>
    <Filter Include="ソース ファイル\char">
      <UniqueIdentifier>{39452a2c-c930-4264-9324-0795a44bccf0}</UniqueIdentifier>
    </Filter>
    <Filter Include="ソース ファイル\mode">
      <UniqueIdentifier>{520cdaa6-a9b4-43de-805e-5643a54681eb}</UniqueIdentifier>
    </Filter>
    <Filter Include="ヘッダー ファイル\char">
      <UniqueIdentifier>{af82eecc-8818-4eee-b213-ed930c1247f3}</UniqueIdentifier>
    </Filter>
    <Filter Include="ヘッダー ファイル\mode">
      <UniqueIdentifier>{48d1ada7-94c0-4b4a-a0cf-e135f4fad1e1}</UniqueIdentifier>
    </Filter>
  </ItemGroup>
  <ItemGroup>
    <ClCompile Include="game\sorce\gameMain.cpp">
      <Filter>ソース ファイル</Filter>
    </ClCompile>
    <ClCompile Include="game\sorce\charBase.cpp">
      <Filter>ソース ファイル\char</Filter>
    </ClCompile>
    <ClCompile Include="game\sorce\player.cpp">
      <Filter>ソース ファイル\char</Filter>
    </ClCompile>
    <ClCompile Include="game\sorce\modeMenu.cpp">
      <Filter>ソース ファイル\mode</Filter>
    </ClCompile>
    <ClCompile Include="game\sorce\modeTitle.cpp">
      <Filter>ソース ファイル\mode</Filter>
    </ClCompile>
    <ClCompile Include="game\sorce\modeGame.cpp">
      <Filter>ソース ファイル\mode</Filter>
    </ClCompile>
    <ClCompile Include="game\sorce\bossKnight.cpp">
      <Filter>ソース ファイル\char</Filter>
    </ClCompile>
    <ClCompile Include="game\sorce\modeResult.cpp">
      <Filter>ソース ファイル\mode</Filter>
    </ClCompile>
    <ClCompile Include="game\sorce\modeGameOver.cpp">
      <Filter>ソース ファイル\mode</Filter>
    </ClCompile>
    <ClCompile Include="game\sorce\modeMainMenu.cpp">
      <Filter>ソース ファイル\mode</Filter>
    </ClCompile>
    <ClCompile Include="game\sorce\modeBossChoose.cpp">
      <Filter>ソース ファイル\mode</Filter>
    </ClCompile>
    <ClCompile Include="game\sorce\bossLionman.cpp">
      <Filter>ソース ファイル\char</Filter>
    </ClCompile>
    <ClCompile Include="game\sorce\modeEquipmentSelection.cpp">
      <Filter>ソース ファイル\mode</Filter>
    </ClCompile>
  </ItemGroup>
  <ItemGroup>
    <ClInclude Include="game\sorce\gameMain.h">
      <Filter>ヘッダー ファイル</Filter>
    </ClInclude>
    <ClInclude Include="game\sorce\player.h">
      <Filter>ヘッダー ファイル\char</Filter>
    </ClInclude>
    <ClInclude Include="game\sorce\charBase.h">
      <Filter>ヘッダー ファイル\char</Filter>
    </ClInclude>
    <ClInclude Include="game\sorce\allMode.h">
      <Filter>ヘッダー ファイル\mode</Filter>
    </ClInclude>
    <ClInclude Include="game\sorce\modeGame.h">
      <Filter>ヘッダー ファイル\mode</Filter>
    </ClInclude>
    <ClInclude Include="game\sorce\modeMenu.h">
      <Filter>ヘッダー ファイル\mode</Filter>
    </ClInclude>
    <ClInclude Include="game\sorce\modeTitle.h">
      <Filter>ヘッダー ファイル\mode</Filter>
    </ClInclude>
    <ClInclude Include="game\sorce\bossKnight.h">
      <Filter>ヘッダー ファイル\char</Filter>
    </ClInclude>
    <ClInclude Include="game\sorce\modeResult.h">
      <Filter>ヘッダー ファイル\mode</Filter>
    </ClInclude>
    <ClInclude Include="game\sorce\motionDefineList.h">
      <Filter>ヘッダー ファイル\char</Filter>
    </ClInclude>
    <ClInclude Include="game\sorce\modeGameOver.h">
      <Filter>ヘッダー ファイル\mode</Filter>
    </ClInclude>
    <ClInclude Include="game\sorce\modeMainMenu.h">
      <Filter>ヘッダー ファイル\mode</Filter>
    </ClInclude>
    <ClInclude Include="game\sorce\modeBossChoose.h">
      <Filter>ヘッダー ファイル\mode</Filter>
    </ClInclude>
    <ClInclude Include="game\sorce\bossLionman.h">
      <Filter>ヘッダー ファイル\char</Filter>
    </ClInclude>
    <ClInclude Include="game\sorce\modeEquipmentSelection.h">
      <Filter>ヘッダー ファイル\mode</Filter>
    </ClInclude>
  </ItemGroup>
  <ItemGroup>
    <None Include="game\res\save.csv">
      <Filter>リソース ファイル</Filter>
    </None>
  </ItemGroup>
</Project>